Microsoft Visual Studio Solution File, Format Version 12.00
# Visual Studio Version 17
VisualStudioVersion = 17.5.2.0
MinimumVisualStudioVersion = 10.0.40219.1
Project("{FAE04EC0-301F-11D3-BF4B-00C04F79EFBC}") = "es_4_productAPI", "es_4_productAPI.csproj", "{AE8C5844-3AAF-B59A-988C-29B158E5F116}"
EndProject
Global
	GlobalSection(SolutionConfigurationPlatforms) = preSolution
		Debug|Any CPU = Debug|Any CPU
		Release|Any CPU = Release|Any CPU
	EndGlobalSection
	GlobalSection(ProjectConfigurationPlatforms) = postSolution
		{AE8C5844-3AAF-B59A-988C-29B158E5F116}.Debug|Any CPU.ActiveCfg = Debug|Any CPU
		{AE8C5844-3AAF-B59A-988C-29B158E5F116}.Debug|Any CPU.Build.0 = Debug|Any CPU
		{AE8C5844-3AAF-B59A-988C-29B158E5F116}.Release|Any CPU.ActiveCfg = Release|Any CPU
		{AE8C5844-3AAF-B59A-988C-29B158E5F116}.Release|Any CPU.Build.0 = Release|Any CPU
	EndGlobalSection
	GlobalSection(SolutionProperties) = preSolution
		HideSolutionNode = FALSE
	EndGlobalSection
	GlobalSection(ExtensibilityGlobals) = postSolution
		SolutionGuid = {5D44459F-C5F2-4C82-B462-A963FDBD1A9E}
	EndGlobalSection
EndGlobal
